
Microsoft Visual Studio Solution File, Format Version 12.00
# Visual Studio Version 17
VisualStudioVersion = 17.6.33723.286
MinimumVisualStudioVersion = 10.0.40219.1
Project("{FAE04EC0-301F-11D3-BF4B-00C04F79EFBC}") = "ConsoleApp31", "ConsoleApp31.csproj", "{D8DB4BC5-4ADC-4AFB-8AD4-7330DA150457}"
EndProject
Global
	GlobalSection(SolutionConfigurationPlatforms) = preSolution
		Debug|Any CPU = Debug|Any CPU
		Release|Any CPU = Release|Any CPU
	EndGlobalSection
	GlobalSection(ProjectConfigurationPlatforms) = postSolution
		{D8DB4BC5-4ADC-4AFB-8AD4-7330DA150457}.Debug|Any CPU.ActiveCfg = Debug|Any CPU
		{D8DB4BC5-4ADC-4AFB-8AD4-7330DA150457}.Debug|Any CPU.Build.0 = Debug|Any CPU
		{D8DB4BC5-4ADC-4AFB-8AD4-7330DA150457}.Release|Any CPU.ActiveCfg = Release|Any CPU
		{D8DB4BC5-4ADC-4AFB-8AD4-7330DA150457}.Release|Any CPU.Build.0 = Release|Any CPU
	EndGlobalSection
	GlobalSection(SolutionProperties) = preSolution
		HideSolutionNode = FALSE
	EndGlobalSection
	GlobalSection(ExtensibilityGlobals) = postSolution
		SolutionGuid = {D3F1586E-D0E2-468D-8295-65BE8AE3514E}
	EndGlobalSection
EndGlobal
